// !$*UTF8*$!
{
	archiveVersion = 1;
	classes = {
	};
	objectVersion = 50;
	objects = {

/* Begin PBXBuildFile section */
		90E5EF9123E9CB8B00996972 /* AppDelegate.swift in Sources */ = {isa = PBXBuildFile; fileRef = 90E5EF9023E9CB8B00996972 /* AppDelegate.swift */; };
		90E5EF9323E9CB8B00996972 /* SceneDelegate.swift in Sources */ = {isa = PBXBuildFile; fileRef = 90E5EF9223E9CB8B00996972 /* SceneDelegate.swift */; };
		90E5EF9523E9CB8B00996972 /* ViewController.swift in Sources */ = {isa = PBXBuildFile; fileRef = 90E5EF9423E9CB8B00996972 /* ViewController.swift */; };
		90E5EF9823E9CB8B00996972 /* Main.storyboard in Resources */ = {isa = PBXBuildFile; fileRef = 90E5EF9623E9CB8B00996972 /* Main.storyboard */; };
		90E5EF9A23E9CB8D00996972 /* Assets.xcassets in Resources */ = {isa = PBXBuildFile; fileRef = 90E5EF9923E9CB8D00996972 /* Assets.xcassets */; };
		90E5EF9D23E9CB8D00996972 /* LaunchScreen.storyboard in Resources */ = {isa = PBXBuildFile; fileRef = 90E5EF9B23E9CB8D00996972 /* LaunchScreen.storyboard */; };
		90E5EFA623EAFDC600996972 /* CoreLocation.framework in Frameworks */ = {isa = PBXBuildFile; fileRef = 90E5EFA523EAFDC600996972 /* CoreLocation.framework */; };
/* End PBXBuildFile section */

/* Begin PBXFileReference section */
		90E5EF8D23E9CB8B00996972 /* TrabalhandoComMapas.app */ = {isa = PBXFileReference; explicitFileType = wrapper.application; includeInIndex = 0; path = TrabalhandoComMapas.app; sourceTree = BUILT_PRODUCTS_DIR; };
		90E5EF9023E9CB8B00996972 /* AppDelegate.swift */ = {isa = PBXFileReference; lastKnownFileType = sourcecode.swift; path = AppDelegate.swift; sourceTree = "<group>"; };
		90E5EF9223E9CB8B00996972 /* SceneDelegate.swift */ = {isa = PBXFileReference; lastKnownFileType = sourcecode.swift; path = SceneDelegate.swift; sourceTree = "<group>"; };
		90E5EF9423E9CB8B00996972 /* ViewController.swift */ = {isa = PBXFileReference; lastKnownFileType = sourcecode.swift; path = ViewController.swift; sourceTree = "<group>"; };
		90E5EF9723E9CB8B00996972 /* Base */ = {isa = PBXFileReference; lastKnownFileType = file.storyboard; name = Base; path = Base.lproj/Main.storyboard; sourceTree = "<group>"; };
		90E5EF9923E9CB8D00996972 /* Assets.xcassets */ = {isa = PBXFileReference; lastKnownFileType = folder.assetcatalog; path = Assets.xcassets; sourceTree = "<group>"; };
		90E5EF9C23E9CB8D00996972 /* Base */ = {isa = PBXFileReference; lastKnownFileType = file.storyboard; name = Base; path = Base.lproj/LaunchScreen.storyboard; sourceTree = "<group>"; };
		90E5EF9E23E9CB8D00996972 /* Info.plist */ = {isa = PBXFileReference; lastKnownFileType = text.plist.xml; path = Info.plist; sourceTree = "<group>"; };
		90E5EFA523EAFDC600996972 /* CoreLocation.framework */ = {isa = PBXFileReference; lastKnownFileType = wrapper.framework; name = CoreLocation.framework; path = System/Library/Frameworks/CoreLocation.framework; sourceTree = SDKROOT; };
/* End PBXFileReference section */

/* Begin PBXFrameworksBuildPhase section */
		90E5EF8A23E9CB8B00996972 /* Frameworks */ = {
			isa = PBXFrameworksBuildPhase;
			buildActionMask = 2147483647;
			files = (
				90E5EFA623EAFDC600996972 /* CoreLocation.framework in Frameworks */,
			);
			runOnlyForDeploymentPostprocessing = 0;
		};
/* End PBXFrameworksBuildPhase section */

/* Begin PBXGroup section */
		90E5EF8423E9CB8B00996972 = {
			isa = PBXGroup;
			children = (
				90E5EF8F23E9CB8B00996972 /* TrabalhandoComMapas */,
				90E5EF8E23E9CB8B00996972 /* Products */,
				90E5EFA423EAFDC500996972 /* Frameworks */,
			);
			sourceTree = "<group>";
		};
		90E5EF8E23E9CB8B00996972 /* Products */ = {
			isa = PBXGroup;
			children = (
				90E5EF8D23E9CB8B00996972 /* TrabalhandoComMapas.app */,
			);
			name = Products;
			sourceTree = "<group>";
		};
		90E5EF8F23E9CB8B00996972 /* TrabalhandoComMapas */ = {
			isa = PBXGroup;
			children = (
				90E5EF9023E9CB8B00996972 /* AppDelegate.swift */,
				90E5EF9223E9CB8B00996972 /* SceneDelegate.swift */,
				90E5EF9423E9CB8B00996972 /* ViewController.swift */,
				90E5EF9623E9CB8B00996972 /* Main.storyboard */,
				90E5EF9923E9CB8D00996972 /* Assets.xcassets */,
				90E5EF9B23E9CB8D00996972 /* LaunchScreen.storyboard */,
				90E5EF9E23E9CB8D00996972 /* Info.plist */,
			);
			path = TrabalhandoComMapas;
			sourceTree = "<group>";
		};
		90E5EFA423EAFDC500996972 /* Frameworks */ = {
			isa = PBXGroup;
			children = (
				90E5EFA523EAFDC600996972 /* CoreLocation.framework */,
			);
			name = Frameworks;
			sourceTree = "<group>";
		};
/* End PBXGroup section */

/* Begin PBXNativeTarget section */
		90E5EF8C23E9CB8B00996972 /* TrabalhandoComMapas */ = {
			isa = PBXNativeTarget;
			buildConfigurationList = 90E5EFA123E9CB8D00996972 /* Build configuration list for PBXNativeTarget "TrabalhandoComMapas" */;
			buildPhases = (
				90E5EF8923E9CB8B00996972 /* Sources */,
				90E5EF8A23E9CB8B00996972 /* Frameworks */,
				90E5EF8B23E9CB8B00996972 /* Resources */,
			);
			buildRules = (
			);
			dependencies = (
			);
			name = TrabalhandoComMapas;
			productName = TrabalhandoComMapas;
			productReference = 90E5EF8D23E9CB8B00996972 /* TrabalhandoComMapas.app */;
			productType = "com.apple.product-type.application";
		};
/* End PBXNativeTarget section */

/* Begin PBXProject section */
		90E5EF8523E9CB8B00996972 /* Project object */ = {
			isa = PBXProject;
			attributes = {
				LastSwiftUpdateCheck = 1130;
				LastUpgradeCheck = 1130;
				ORGANIZATIONNAME = "Leonardo Cunha";
				TargetAttributes = {
					90E5EF8C23E9CB8B00996972 = {
						CreatedOnToolsVersion = 11.3.1;
					};
				};
			};
			buildConfigurationList = 90E5EF8823E9CB8B00996972 /* Build configuration list for PBXProject "TrabalhandoComMapas" */;
			compatibilityVersion = "Xcode 9.3";
			developmentRegion = en;
			hasScannedForEncodings = 0;
			knownRegions = (
				en,
				Base,
			);
			mainGroup = 90E5EF8423E9CB8B00996972;
			productRefGroup = 90E5EF8E23E9CB8B00996972 /* Products */;
			projectDirPath = "";
			projectRoot = "";
			targets = (
				90E5EF8C23E9CB8B00996972 /* TrabalhandoComMapas */,
			);
		};
/* End PBXProject section */

/* Begin PBXResourcesBuildPhase section */
		90E5EF8B23E9CB8B00996972 /* Resources */ = {
			isa = PBXResourcesBuildPhase;
			buildActionMask = 2147483647;
			files = (
				90E5EF9D23E9CB8D00996972 /* LaunchScreen.storyboard in Resources */,
				90E5EF9A23E9CB8D00996972 /* Assets.xcassets in Resources */,
				90E5EF9823E9CB8B00996972 /* Main.storyboard in Resources */,
			);
			runOnlyForDeploymentPostprocessing = 0;
		};
/* End PBXResourcesBuildPhase section */

/* Begin PBXSourcesBuildPhase section */
		90E5EF8923E9CB8B00996972 /* Sources */ = {
			isa = PBXSourcesBuildPhase;
			buildActionMask = 2147483647;
			files = (
				90E5EF9523E9CB8B00996972 /* ViewController.swift in Sources */,
				90E5EF9123E9CB8B00996972 /* AppDelegate.swift in Sources */,
				90E5EF9323E9CB8B00996972 /* SceneDelegate.swift in Sources */,
			);
			runOnlyForDeploymentPostprocessing = 0;
		};
/* End PBXSourcesBuildPhase section */

/* Begin PBXVariantGroup section */
		90E5EF9623E9CB8B00996972 /* Main.storyboard */ = {
			isa = PBXVariantGroup;
			children = (
				90E5EF9723E9CB8B00996972 /* Base */,
			);
			name = Main.storyboard;
			sourceTree = "<group>";
		};
		90E5EF9B23E9CB8D00996972 /* LaunchScreen.storyboard */ = {
			isa = PBXVariantGroup;
			children = (
				90E5EF9C23E9CB8D00996972 /* Base */,
			);
			name = LaunchScreen.storyboard;
			sourceTree = "<group>";
		};
/* End PBXVariantGroup section */

/* Begin XCBuildConfiguration section */
		90E5EF9F23E9CB8D00996972 /* Debug */ = {
			isa = XCBuildConfiguration;
			buildSettings = {
				ALWAYS_SEARCH_USER_PATHS = NO;
				CLANG_ANALYZER_NONNULL = YES;
				CLANG_ANALYZER_NUMBER_OBJECT_CONVERSION = YES_AGGRESSIVE;
				CLANG_CXX_LANGUAGE_STANDARD = "gnu++14";
				CLANG_CXX_LIBRARY = "libc++";
				CLANG_ENABLE_MODULES = YES;
				CLANG_ENABLE_OBJC_ARC = YES;
				CLANG_ENABLE_OBJC_WEAK = YES;
				CLANG_WARN_BLOCK_CAPTURE_AUTORELEASING = YES;
				CLANG_WARN_BOOL_CONVERSION = YES;
				CLANG_WARN_COMMA = YES;
				CLANG_WARN_CONSTANT_CONVERSION = YES;
				CLANG_WARN_DEPRECATED_OBJC_IMPLEMENTATIONS = YES;
				CLANG_WARN_DIRECT_OBJC_ISA_USAGE = YES_ERROR;
				CLANG_WARN_DOCUMENTATION_COMMENTS = YES;
				CLANG_WARN_EMPTY_BODY = YES;
				CLANG_WARN_ENUM_CONVERSION = YES;
				CLANG_WARN_INFINITE_RECURSION = YES;
				CLANG_WARN_INT_CONVERSION = YES;
				CLANG_WARN_NON_LITERAL_NULL_CONVERSION = YES;
				CLANG_WARN_OBJC_IMPLICIT_RETAIN_SELF = YES;
				CLANG_WARN_OBJC_LITERAL_CONVERSION = YES;
				CLANG_WARN_OBJC_ROOT_CLASS = YES_ERROR;
				CLANG_WARN_RANGE_LOOP_ANALYSIS = YES;
				CLANG_WARN_STRICT_PROTOTYPES = YES;
				CLANG_WARN_SUSPICIOUS_MOVE = YES;
				CLANG_WARN_UNGUARDED_AVAILABILITY = YES_AGGRESSIVE;
				CLANG_WARN_UNREACHABLE_CODE = YES;
				CLANG_WARN__DUPLICATE_METHOD_MATCH = YES;
				COPY_PHASE_STRIP = NO;
				DEBUG_INFORMATION_FORMAT = dwarf;
				ENABLE_STRICT_OBJC_MSGSEND = YES;
				ENABLE_TESTABILITY = YES;
				GCC_C_LANGUAGE_STANDARD = gnu11;
				GCC_DYNAMIC_NO_PIC = NO;
				GCC_NO_COMMON_BLOCKS = YES;
				GCC_OPTIMIZATION_LEVEL = 0;
				GCC_PREPROCESSOR_DEFINITIONS = (
					"DEBUG=1",
					"$(inherited)",
				);
				GCC_WARN_64_TO_32_BIT_CONVERSION = YES;
				GCC_WARN_ABOUT_RETURN_TYPE = YES_ERROR;
				GCC_WARN_UNDECLARED_SELECTOR = YES;
				GCC_WARN_UNINITIALIZED_AUTOS = YES_AGGRESSIVE;
				GCC_WARN_UNUSED_FUNCTION = YES;
				GCC_WARN_UNUSED_VARIABLE = YES;
				IPHONEOS_DEPLOYMENT_TARGET = 13.2;
				MTL_ENABLE_DEBUG_INFO = INCLUDE_SOURCE;
				MTL_FAST_MATH = YES;
				ONLY_ACTIVE_ARCH = YES;
				SDKROOT = iphoneos;
				SWIFT_ACTIVE_COMPILATION_CONDITIONS = DEBUG;
				SWIFT_OPTIMIZATION_LEVEL = "-Onone";
			};
			name = Debug;
		};
		90E5EFA023E9CB8D00996972 /* Release */ = {
			isa = XCBuildConfiguration;
			buildSettings = {
				ALWAYS_SEARCH_USER_PATHS = NO;
				CLANG_ANALYZER_NONNULL = YES;
				CLANG_ANALYZER_NUMBER_OBJECT_CONVERSION = YES_AGGRESSIVE;
				CLANG_CXX_LANGUAGE_STANDARD = "gnu++14";
				CLANG_CXX_LIBRARY = "libc++";
				CLANG_ENABLE_MODULES = YES;
				CLANG_ENABLE_OBJC_ARC = YES;
				CLANG_ENABLE_OBJC_WEAK = YES;
				CLANG_WARN_BLOCK_CAPTURE_AUTORELEASING = YES;
				CLANG_WARN_BOOL_CONVERSION = YES;
				CLANG_WARN_COMMA = YES;
				CLANG_WARN_CONSTANT_CONVERSION = YES;
				CLANG_WARN_DEPRECATED_OBJC_IMPLEMENTATIONS = YES;
				CLANG_WARN_DIRECT_OBJC_ISA_USAGE = YES_ERROR;
				CLANG_WARN_DOCUMENTATION_COMMENTS = YES;
				CLANG_WARN_EMPTY_BODY = YES;
				CLANG_WARN_ENUM_CONVERSION = YES;
				CLANG_WARN_INFINITE_RECURSION = YES;
				CLANG_WARN_INT_CONVERSION = YES;
				CLANG_WARN_NON_LITERAL_NULL_CONVERSION = YES;
				CLANG_WARN_OBJC_IMPLICIT_RETAIN_SELF = YES;
				CLANG_WARN_OBJC_LITERAL_CONVERSION = YES;
				CLANG_WARN_OBJC_ROOT_CLASS = YES_ERROR;
				CLANG_WARN_RANGE_LOOP_ANALYSIS = YES;
				CLANG_WARN_STRICT_PROTOTYPES = YES;
				CLANG_WARN_SUSPICIOUS_MOVE = YES;
				CLANG_WARN_UNGUARDED_AVAILABILITY = YES_AGGRESSIVE;
				CLANG_WARN_UNREACHABLE_CODE = YES;
				CLANG_WARN__DUPLICATE_METHOD_MATCH = YES;
				COPY_PHASE_STRIP = NO;
				DEBUG_INFORMATION_FORMAT = "dwarf-with-dsym";
				ENABLE_NS_ASSERTIONS = NO;
				ENABLE_STRICT_OBJC_MSGSEND = YES;
				GCC_C_LANGUAGE_STANDARD = gnu11;
				GCC_NO_COMMON_BLOCKS = YES;
				GCC_WARN_64_TO_32_BIT_CONVERSION = YES;
				GCC_WARN_ABOUT_RETURN_TYPE = YES_ERROR;
				GCC_WARN_UNDECLARED_SELECTOR = YES;
				GCC_WARN_UNINITIALIZED_AUTOS = YES_AGGRESSIVE;
				GCC_WARN_UNUSED_FUNCTION = YES;
				GCC_WARN_UNUSED_VARIABLE = YES;
				IPHONEOS_DEPLOYMENT_TARGET = 13.2;
				MTL_ENABLE_DEBUG_INFO = NO;
				MTL_FAST_MATH = YES;
				SDKROOT = iphoneos;
				SWIFT_COMPILATION_MODE = wholemodule;
				SWIFT_OPTIMIZATION_LEVEL = "-O";
				VALIDATE_PRODUCT = YES;
			};
			name = Release;
		};
		90E5EFA223E9CB8D00996972 /* Debug */ = {
			isa = XCBuildConfiguration;
			buildSettings = {
				ASSETCATALOG_COMPILER_APPICON_NAME = AppIcon;
				CODE_SIGN_STYLE = Automatic;
				INFOPLIST_FILE = TrabalhandoComMapas/Info.plist;
				LD_RUNPATH_SEARCH_PATHS = (
					"$(inherited)",
					"@executable_path/Frameworks",
				);
				PRODUCT_BUNDLE_IDENTIFIER = com.aprendendo.TrabalhandoComMapas;
				PRODUCT_NAME = "$(TARGET_NAME)";
				SWIFT_VERSION = 5.0;
				TARGETED_DEVICE_FAMILY = "1,2";
			};
			name = Debug;
		};
		90E5EFA323E9CB8D00996972 /* Release */ = {
			isa = XCBuildConfiguration;
			buildSettings = {
				ASSETCATALOG_COMPILER_APPICON_NAME = AppIcon;
				CODE_SIGN_STYLE = Automatic;
				INFOPLIST_FILE = TrabalhandoComMapas/Info.plist;
				LD_RUNPATH_SEARCH_PATHS = (
					"$(inherited)",
					"@executable_path/Frameworks",
				);
				PRODUCT_BUNDLE_IDENTIFIER = com.aprendendo.TrabalhandoComMapas;
				PRODUCT_NAME = "$(TARGET_NAME)";
				SWIFT_VERSION = 5.0;
				TARGETED_DEVICE_FAMILY = "1,2";
			};
			name = Release;
		};
/* End XCBuildConfiguration section */

/* Begin XCConfigurationList section */
		90E5EF8823E9CB8B00996972 /* Build configuration list for PBXProject "TrabalhandoComMapas" */ = {
			isa = XCConfigurationList;
			buildConfigurations = (
				90E5EF9F23E9CB8D00996972 /* Debug */,
				90E5EFA023E9CB8D00996972 /* Release */,
			);
			defaultConfigurationIsVisible = 0;
			defaultConfigurationName = Release;
		};
		90E5EFA123E9CB8D00996972 /* Build configuration list for PBXNativeTarget "TrabalhandoComMapas" */ = {
			isa = XCConfigurationList;
			buildConfigurations = (
				90E5EFA223E9CB8D00996972 /* Debug */,
				90E5EFA323E9CB8D00996972 /* Release */,
			);
			defaultConfigurationIsVisible = 0;
			defaultConfigurationName = Release;
		};
/* End XCConfigurationList section */
	};
	rootObject = 90E5EF8523E9CB8B00996972 /* Project object */;
}
